{
    "_readme": [
        "This file locks the dependencies of your project to a known state",
        "Read more about it at http://getcomposer.org/doc/01-basic-usage.md#composer-lock-the-lock-file"
    ],
    "hash": "dc200924098b709139777025b54bfc71",
    "packages": [
        {
            "name": "phansys/getid3",
            "version": "2.1.x-dev",
            "target-dir": "GetId3",
            "source": {
                "type": "git",
                "url": "https://github.com/phansys/GetId3.git",
                "reference": "46ad6bd9edaa75d08051bf056d5d2e92393eafa1"
            },
            "dist": {
                "type": "zip",
                "url": "https://api.github.com/repos/phansys/GetId3/zipball/46ad6bd9edaa75d08051bf056d5d2e92393eafa1",
                "reference": "46ad6bd9edaa75d08051bf056d5d2e92393eafa1",
                "shasum": ""
            },
            "suggest": {
                "ext-exif": "EXIF extension is required for graphic modules.",
                "ext-rar": "RAR extension is required for RAR archive module."
            },
            "type": "library",
            "autoload": {
                "psr-0": {
                    "GetId3": ""
                }
            },
            "notification-url": "https://packagist.org/downloads/",
            "license": [
                "GPL"
            ],
            "authors": [
                {
                    "name": "James Heinrich",
                    "email": "info@getid3.org",
                    "homepage": "http://www.getid3.org"
                }
            ],
            "description": "This release of GetId3 library updates to PSR-0 CS, add namespaces and makes it Symfony 2.x installable by deps or composer mechanisms.",
            "homepage": "http://www.getid3.org",
            "keywords": [
                "getid3",
                "metadata",
                "tags"
            ],
            "time": "2013-05-23 00:47:00"
        },
        {
            "name": "rmccue/requests",
            "version": "v1.6.0",
            "source": {
                "type": "git",
                "url": "https://github.com/rmccue/Requests.git",
                "reference": "756374edd59ac69268ed35481a506ebd4e732525"
            },
            "dist": {
                "type": "zip",
                "url": "https://api.github.com/repos/rmccue/Requests/zipball/756374edd59ac69268ed35481a506ebd4e732525",
                "reference": "756374edd59ac69268ed35481a506ebd4e732525",
                "shasum": ""
            },
            "require": {
                "php": ">=5.2"
            },
            "require-dev": {
                "satooshi/php-coveralls": "dev-master"
            },
            "type": "library",
            "autoload": {
                "psr-0": {
                    "Requests": "library/"
                }
            },
            "notification-url": "https://packagist.org/downloads/",
            "license": [
                "ISC"
            ],
            "authors": [
                {
                    "name": "Ryan McCue",
                    "homepage": "http://ryanmccue.info"
                }
            ],
            "description": "A HTTP library written in PHP, for human beings.",
            "homepage": "http://github.com/rmccue/Requests",
            "keywords": [
                "curl",
                "fsockopen",
                "http",
                "idna",
                "ipv6",
                "iri",
                "sockets"
            ],
            "time": "2013-10-06 13:30:32"
        }
    ],
    "packages-dev": [

    ],
    "aliases": [

    ],
    "minimum-stability": "stable",
    "stability-flags": {
        "phansys/getid3": 20
    },
    "platform": [

    ],
    "platform-dev": [

    ]
}
